
Microsoft Visual Studio Solution File, Format Version 12.00
# Visual Studio Version 17
VisualStudioVersion = 17.1.32319.34
MinimumVisualStudioVersion = 10.0.40219.1
Project("{FAE04EC0-301F-11D3-BF4B-00C04F79EFBC}") = "webapp-travel-agency", "webapp-travel-agency\webapp-travel-agency.csproj", "{68973853-4A1E-4071-BE52-DCF3D3E25529}"
EndProject
Global
	GlobalSection(SolutionConfigurationPlatforms) = preSolution
		Debug|Any CPU = Debug|Any CPU
		Release|Any CPU = Release|Any CPU
	EndGlobalSection
	GlobalSection(ProjectConfigurationPlatforms) = postSolution
		{68973853-4A1E-4071-BE52-DCF3D3E25529}.Debug|Any CPU.ActiveCfg = Debug|Any CPU
		{68973853-4A1E-4071-BE52-DCF3D3E25529}.Debug|Any CPU.Build.0 = Debug|Any CPU
		{68973853-4A1E-4071-BE52-DCF3D3E25529}.Release|Any CPU.ActiveCfg = Release|Any CPU
		{68973853-4A1E-4071-BE52-DCF3D3E25529}.Release|Any CPU.Build.0 = Release|Any CPU
	EndGlobalSection
	GlobalSection(SolutionProperties) = preSolution
		HideSolutionNode = FALSE
	EndGlobalSection
	GlobalSection(ExtensibilityGlobals) = postSolution
		SolutionGuid = {8583F4DC-2ABF-4033-A6E1-578B1AA5C812}
	EndGlobalSection
EndGlobal
